
Microsoft Visual Studio Solution File, Format Version 12.00
# Visual Studio Version 17
VisualStudioVersion = 17.5.33414.496
MinimumVisualStudioVersion = 10.0.40219.1
Project("{FAE04EC0-301F-11D3-BF4B-00C04F79EFBC}") = "KataMoney", "KataMoney\KataMoney.csproj", "{DA9053E7-963B-42E9-ABF7-0E1D2629C27E}"
EndProject
Project("{FAE04EC0-301F-11D3-BF4B-00C04F79EFBC}") = "KataMoneyTest", "KataMoneyTest\KataMoneyTest.csproj", "{721F2846-BCC5-439F-AD93-53694CB8CF7B}"
EndProject
Global
	GlobalSection(SolutionConfigurationPlatforms) = preSolution
		Debug|Any CPU = Debug|Any CPU
		Release|Any CPU = Release|Any CPU
	EndGlobalSection
	GlobalSection(ProjectConfigurationPlatforms) = postSolution
		{DA9053E7-963B-42E9-ABF7-0E1D2629C27E}.Debug|Any CPU.ActiveCfg = Debug|Any CPU
		{DA9053E7-963B-42E9-ABF7-0E1D2629C27E}.Debug|Any CPU.Build.0 = Debug|Any CPU
		{DA9053E7-963B-42E9-ABF7-0E1D2629C27E}.Release|Any CPU.ActiveCfg = Release|Any CPU
		{DA9053E7-963B-42E9-ABF7-0E1D2629C27E}.Release|Any CPU.Build.0 = Release|Any CPU
		{721F2846-BCC5-439F-AD93-53694CB8CF7B}.Debug|Any CPU.ActiveCfg = Debug|Any CPU
		{721F2846-BCC5-439F-AD93-53694CB8CF7B}.Debug|Any CPU.Build.0 = Debug|Any CPU
		{721F2846-BCC5-439F-AD93-53694CB8CF7B}.Release|Any CPU.ActiveCfg = Release|Any CPU
		{721F2846-BCC5-439F-AD93-53694CB8CF7B}.Release|Any CPU.Build.0 = Release|Any CPU
	EndGlobalSection
	GlobalSection(SolutionProperties) = preSolution
		HideSolutionNode = FALSE
	EndGlobalSection
	GlobalSection(ExtensibilityGlobals) = postSolution
		SolutionGuid = {E0336573-83DC-40C9-BEAB-F91F919F103D}
	EndGlobalSection
EndGlobal
